
Microsoft Visual Studio Solution File, Format Version 12.00
# Visual Studio Version 16
VisualStudioVersion = 16.0.31424.327
MinimumVisualStudioVersion = 10.0.40219.1
Project("{FAE04EC0-301F-11D3-BF4B-00C04F79EFBC}") = "Benchmark", "Benchmark\Benchmark.csproj", "{97912F0B-7D97-417E-A0B5-43EB436D89F3}"
EndProject
Global
	GlobalSection(SolutionConfigurationPlatforms) = preSolution
		Debug|Any CPU = Debug|Any CPU
		Release|Any CPU = Release|Any CPU
	EndGlobalSection
	GlobalSection(ProjectConfigurationPlatforms) = postSolution
		{97912F0B-7D97-417E-A0B5-43EB436D89F3}.Debug|Any CPU.ActiveCfg = Debug|Any CPU
		{97912F0B-7D97-417E-A0B5-43EB436D89F3}.Debug|Any CPU.Build.0 = Debug|Any CPU
		{97912F0B-7D97-417E-A0B5-43EB436D89F3}.Release|Any CPU.ActiveCfg = Release|Any CPU
		{97912F0B-7D97-417E-A0B5-43EB436D89F3}.Release|Any CPU.Build.0 = Release|Any CPU
	EndGlobalSection
	GlobalSection(SolutionProperties) = preSolution
		HideSolutionNode = FALSE
	EndGlobalSection
	GlobalSection(ExtensibilityGlobals) = postSolution
		SolutionGuid = {BBD3CA7C-76FB-47CC-9E2E-31B263B4B78D}
	EndGlobalSection
EndGlobal
