
Microsoft Visual Studio Solution File, Format Version 12.00
# Visual Studio Version 16
VisualStudioVersion = 16.0.31424.327
MinimumVisualStudioVersion = 10.0.40219.1
Project("{FAE04EC0-301F-11D3-BF4B-00C04F79EFBC}") = "ListaClientes", "ListaClientes\ListaClientes.csproj", "{EEA747CF-AB07-4408-B88B-6A7C3BEFFD80}"
EndProject
Global
	GlobalSection(SolutionConfigurationPlatforms) = preSolution
		Debug|Any CPU = Debug|Any CPU
		Release|Any CPU = Release|Any CPU
	EndGlobalSection
	GlobalSection(ProjectConfigurationPlatforms) = postSolution
		{EEA747CF-AB07-4408-B88B-6A7C3BEFFD80}.Debug|Any CPU.ActiveCfg = Debug|Any CPU
		{EEA747CF-AB07-4408-B88B-6A7C3BEFFD80}.Debug|Any CPU.Build.0 = Debug|Any CPU
		{EEA747CF-AB07-4408-B88B-6A7C3BEFFD80}.Release|Any CPU.ActiveCfg = Release|Any CPU
		{EEA747CF-AB07-4408-B88B-6A7C3BEFFD80}.Release|Any CPU.Build.0 = Release|Any CPU
	EndGlobalSection
	GlobalSection(SolutionProperties) = preSolution
		HideSolutionNode = FALSE
	EndGlobalSection
	GlobalSection(ExtensibilityGlobals) = postSolution
		SolutionGuid = {615C721F-C5A6-408B-AD07-5D5155837EF2}
	EndGlobalSection
EndGlobal
