
Microsoft Visual Studio Solution File, Format Version 12.00
# Visual Studio Version 16
VisualStudioVersion = 16.0.31424.327
MinimumVisualStudioVersion = 10.0.40219.1
Project("{FAE04EC0-301F-11D3-BF4B-00C04F79EFBC}") = "WebAppHttp", "WebAppHttp\WebAppHttp.csproj", "{058AA8A0-E946-4CE2-BDA0-00F5749721F2}"
EndProject
Global
	GlobalSection(SolutionConfigurationPlatforms) = preSolution
		Debug|Any CPU = Debug|Any CPU
		Release|Any CPU = Release|Any CPU
	EndGlobalSection
	GlobalSection(ProjectConfigurationPlatforms) = postSolution
		{058AA8A0-E946-4CE2-BDA0-00F5749721F2}.Debug|Any CPU.ActiveCfg = Debug|Any CPU
		{058AA8A0-E946-4CE2-BDA0-00F5749721F2}.Debug|Any CPU.Build.0 = Debug|Any CPU
		{058AA8A0-E946-4CE2-BDA0-00F5749721F2}.Release|Any CPU.ActiveCfg = Release|Any CPU
		{058AA8A0-E946-4CE2-BDA0-00F5749721F2}.Release|Any CPU.Build.0 = Release|Any CPU
	EndGlobalSection
	GlobalSection(SolutionProperties) = preSolution
		HideSolutionNode = FALSE
	EndGlobalSection
	GlobalSection(ExtensibilityGlobals) = postSolution
		SolutionGuid = {372392FF-0E53-4863-BDBE-12718AB871BE}
	EndGlobalSection
EndGlobal
