
Microsoft Visual Studio Solution File, Format Version 12.00
# Visual Studio Version 16
VisualStudioVersion = 16.0.31424.327
MinimumVisualStudioVersion = 10.0.40219.1
Project("{FAE04EC0-301F-11D3-BF4B-00C04F79EFBC}") = "WebAppAPI", "WebAppAPI\WebAppAPI.csproj", "{B25092AF-2E51-4D6D-8275-8E372DDE5F2A}"
EndProject
Global
	GlobalSection(SolutionConfigurationPlatforms) = preSolution
		Debug|Any CPU = Debug|Any CPU
		Release|Any CPU = Release|Any CPU
	EndGlobalSection
	GlobalSection(ProjectConfigurationPlatforms) = postSolution
		{B25092AF-2E51-4D6D-8275-8E372DDE5F2A}.Debug|Any CPU.ActiveCfg = Debug|Any CPU
		{B25092AF-2E51-4D6D-8275-8E372DDE5F2A}.Debug|Any CPU.Build.0 = Debug|Any CPU
		{B25092AF-2E51-4D6D-8275-8E372DDE5F2A}.Release|Any CPU.ActiveCfg = Release|Any CPU
		{B25092AF-2E51-4D6D-8275-8E372DDE5F2A}.Release|Any CPU.Build.0 = Release|Any CPU
	EndGlobalSection
	GlobalSection(SolutionProperties) = preSolution
		HideSolutionNode = FALSE
	EndGlobalSection
	GlobalSection(ExtensibilityGlobals) = postSolution
		SolutionGuid = {4AEB6660-EF80-48B2-8860-9D2E3D969C9D}
	EndGlobalSection
EndGlobal
